
Microsoft Visual Studio Solution File, Format Version 12.00
# Visual Studio Version 17
VisualStudioVersion = 17.13.35931.197
MinimumVisualStudioVersion = 10.0.40219.1
Project("{FAE04EC0-301F-11D3-BF4B-00C04F79EFBC}") = "Semana03", "Semana03\Semana03.csproj", "{B6A2368F-26E3-43D6-937C-A1847EB8C8EE}"
EndProject
Project("{FAE04EC0-301F-11D3-BF4B-00C04F79EFBC}") = "Semana4", "Semana4\Semana4.csproj", "{1C163084-60AB-4B28-951F-5157615E785D}"
EndProject
Project("{FAE04EC0-301F-11D3-BF4B-00C04F79EFBC}") = "Semana5", "Semana5\Semana5.csproj", "{3580ACF9-78D5-4F4D-A5AA-28DA488FEB11}"
EndProject
Project("{FAE04EC0-301F-11D3-BF4B-00C04F79EFBC}") = "Semana6", "Semana6\Semana6.csproj", "{F4626579-C3EF-435C-B68C-8D7190ACF6CB}"
EndProject
Project("{FAE04EC0-301F-11D3-BF4B-00C04F79EFBC}") = "Semana7", "Semana7\Semana7.csproj", "{D1EABF66-6835-447C-9E00-416776D10085}"
EndProject
Project("{FAE04EC0-301F-11D3-BF4B-00C04F79EFBC}") = "Semana8.5", "Semana8.5\Semana8.5.csproj", "{A51C464D-D6BC-44EF-A668-F9FEC27B9140}"
EndProject
Project("{FAE04EC0-301F-11D3-BF4B-00C04F79EFBC}") = "Semana8", "Semana8\Semana8.csproj", "{18A880FD-5848-409F-83BE-5241891672C1}"
EndProject
Project("{FAE04EC0-301F-11D3-BF4B-00C04F79EFBC}") = "Biblioteca", "Biblioteca\Biblioteca.csproj", "{8E4767DB-0CF4-4137-A081-D8FEFA93D30E}"
EndProject
Project("{FAE04EC0-301F-11D3-BF4B-00C04F79EFBC}") = "Semana9", "Semana9\Semana9.csproj", "{BDC31979-EE36-4AFA-9F88-E4049469ACF4}"
EndProject
Project("{FAE04EC0-301F-11D3-BF4B-00C04F79EFBC}") = "Semana10", "Semana10\Semana10.csproj", "{CC3DB1D5-8AF2-4688-A422-91C44A794C17}"
EndProject
Project("{FAE04EC0-301F-11D3-BF4B-00C04F79EFBC}") = "Semana11", "Semana11\Semana11.csproj", "{7BF6C6EA-05F8-4F33-961D-6E68EC851A89}"
EndProject
Project("{FAE04EC0-301F-11D3-BF4B-00C04F79EFBC}") = "Semana12", "Semana12\Semana12.csproj", "{5A008648-4A49-447F-A732-6431D19A6128}"
EndProject
Project("{FAE04EC0-301F-11D3-BF4B-00C04F79EFBC}") = "Semana13", "Semana13\Semana13.csproj", "{9FE43330-EC95-458F-B584-DF6945264FF6}"
EndProject
Project("{FAE04EC0-301F-11D3-BF4B-00C04F79EFBC}") = "Semana14", "Semana14\Semana14.csproj", "{46E2A209-461F-46F4-AE79-2E052C77E596}"
EndProject
Global
	GlobalSection(SolutionConfigurationPlatforms) = preSolution
		Debug|Any CPU = Debug|Any CPU
		Release|Any CPU = Release|Any CPU
	EndGlobalSection
	GlobalSection(ProjectConfigurationPlatforms) = postSolution
		{B6A2368F-26E3-43D6-937C-A1847EB8C8EE}.Debug|Any CPU.ActiveCfg = Debug|Any CPU
		{B6A2368F-26E3-43D6-937C-A1847EB8C8EE}.Debug|Any CPU.Build.0 = Debug|Any CPU
		{B6A2368F-26E3-43D6-937C-A1847EB8C8EE}.Release|Any CPU.ActiveCfg = Release|Any CPU
		{B6A2368F-26E3-43D6-937C-A1847EB8C8EE}.Release|Any CPU.Build.0 = Release|Any CPU
		{1C163084-60AB-4B28-951F-5157615E785D}.Debug|Any CPU.ActiveCfg = Debug|Any CPU
		{1C163084-60AB-4B28-951F-5157615E785D}.Debug|Any CPU.Build.0 = Debug|Any CPU
		{1C163084-60AB-4B28-951F-5157615E785D}.Release|Any CPU.ActiveCfg = Release|Any CPU
		{1C163084-60AB-4B28-951F-5157615E785D}.Release|Any CPU.Build.0 = Release|Any CPU
		{3580ACF9-78D5-4F4D-A5AA-28DA488FEB11}.Debug|Any CPU.ActiveCfg = Debug|Any CPU
		{3580ACF9-78D5-4F4D-A5AA-28DA488FEB11}.Debug|Any CPU.Build.0 = Debug|Any CPU
		{3580ACF9-78D5-4F4D-A5AA-28DA488FEB11}.Release|Any CPU.ActiveCfg = Release|Any CPU
		{3580ACF9-78D5-4F4D-A5AA-28DA488FEB11}.Release|Any CPU.Build.0 = Release|Any CPU
		{F4626579-C3EF-435C-B68C-8D7190ACF6CB}.Debug|Any CPU.ActiveCfg = Debug|Any CPU
		{F4626579-C3EF-435C-B68C-8D7190ACF6CB}.Debug|Any CPU.Build.0 = Debug|Any CPU
		{F4626579-C3EF-435C-B68C-8D7190ACF6CB}.Release|Any CPU.ActiveCfg = Release|Any CPU
		{F4626579-C3EF-435C-B68C-8D7190ACF6CB}.Release|Any CPU.Build.0 = Release|Any CPU
		{D1EABF66-6835-447C-9E00-416776D10085}.Debug|Any CPU.ActiveCfg = Debug|Any CPU
		{D1EABF66-6835-447C-9E00-416776D10085}.Debug|Any CPU.Build.0 = Debug|Any CPU
		{D1EABF66-6835-447C-9E00-416776D10085}.Release|Any CPU.ActiveCfg = Release|Any CPU
		{D1EABF66-6835-447C-9E00-416776D10085}.Release|Any CPU.Build.0 = Release|Any CPU
		{A51C464D-D6BC-44EF-A668-F9FEC27B9140}.Debug|Any CPU.ActiveCfg = Debug|Any CPU
		{A51C464D-D6BC-44EF-A668-F9FEC27B9140}.Debug|Any CPU.Build.0 = Debug|Any CPU
		{A51C464D-D6BC-44EF-A668-F9FEC27B9140}.Release|Any CPU.ActiveCfg = Release|Any CPU
		{A51C464D-D6BC-44EF-A668-F9FEC27B9140}.Release|Any CPU.Build.0 = Release|Any CPU
		{18A880FD-5848-409F-83BE-5241891672C1}.Debug|Any CPU.ActiveCfg = Debug|Any CPU
		{18A880FD-5848-409F-83BE-5241891672C1}.Debug|Any CPU.Build.0 = Debug|Any CPU
		{18A880FD-5848-409F-83BE-5241891672C1}.Release|Any CPU.ActiveCfg = Release|Any CPU
		{18A880FD-5848-409F-83BE-5241891672C1}.Release|Any CPU.Build.0 = Release|Any CPU
		{8E4767DB-0CF4-4137-A081-D8FEFA93D30E}.Debug|Any CPU.ActiveCfg = Debug|Any CPU
		{8E4767DB-0CF4-4137-A081-D8FEFA93D30E}.Debug|Any CPU.Build.0 = Debug|Any CPU
		{8E4767DB-0CF4-4137-A081-D8FEFA93D30E}.Release|Any CPU.ActiveCfg = Release|Any CPU
		{8E4767DB-0CF4-4137-A081-D8FEFA93D30E}.Release|Any CPU.Build.0 = Release|Any CPU
		{BDC31979-EE36-4AFA-9F88-E4049469ACF4}.Debug|Any CPU.ActiveCfg = Debug|Any CPU
		{BDC31979-EE36-4AFA-9F88-E4049469ACF4}.Debug|Any CPU.Build.0 = Debug|Any CPU
		{BDC31979-EE36-4AFA-9F88-E4049469ACF4}.Release|Any CPU.ActiveCfg = Release|Any CPU
		{BDC31979-EE36-4AFA-9F88-E4049469ACF4}.Release|Any CPU.Build.0 = Release|Any CPU
		{CC3DB1D5-8AF2-4688-A422-91C44A794C17}.Debug|Any CPU.ActiveCfg = Debug|Any CPU
		{CC3DB1D5-8AF2-4688-A422-91C44A794C17}.Debug|Any CPU.Build.0 = Debug|Any CPU
		{CC3DB1D5-8AF2-4688-A422-91C44A794C17}.Release|Any CPU.ActiveCfg = Release|Any CPU
		{CC3DB1D5-8AF2-4688-A422-91C44A794C17}.Release|Any CPU.Build.0 = Release|Any CPU
		{7BF6C6EA-05F8-4F33-961D-6E68EC851A89}.Debug|Any CPU.ActiveCfg = Debug|Any CPU
		{7BF6C6EA-05F8-4F33-961D-6E68EC851A89}.Debug|Any CPU.Build.0 = Debug|Any CPU
		{7BF6C6EA-05F8-4F33-961D-6E68EC851A89}.Release|Any CPU.ActiveCfg = Release|Any CPU
		{7BF6C6EA-05F8-4F33-961D-6E68EC851A89}.Release|Any CPU.Build.0 = Release|Any CPU
		{5A008648-4A49-447F-A732-6431D19A6128}.Debug|Any CPU.ActiveCfg = Debug|Any CPU
		{5A008648-4A49-447F-A732-6431D19A6128}.Debug|Any CPU.Build.0 = Debug|Any CPU
		{5A008648-4A49-447F-A732-6431D19A6128}.Release|Any CPU.ActiveCfg = Release|Any CPU
		{5A008648-4A49-447F-A732-6431D19A6128}.Release|Any CPU.Build.0 = Release|Any CPU
		{9FE43330-EC95-458F-B584-DF6945264FF6}.Debug|Any CPU.ActiveCfg = Debug|Any CPU
		{9FE43330-EC95-458F-B584-DF6945264FF6}.Debug|Any CPU.Build.0 = Debug|Any CPU
		{9FE43330-EC95-458F-B584-DF6945264FF6}.Release|Any CPU.ActiveCfg = Release|Any CPU
		{9FE43330-EC95-458F-B584-DF6945264FF6}.Release|Any CPU.Build.0 = Release|Any CPU
		{46E2A209-461F-46F4-AE79-2E052C77E596}.Debug|Any CPU.ActiveCfg = Debug|Any CPU
		{46E2A209-461F-46F4-AE79-2E052C77E596}.Debug|Any CPU.Build.0 = Debug|Any CPU
		{46E2A209-461F-46F4-AE79-2E052C77E596}.Release|Any CPU.ActiveCfg = Release|Any CPU
		{46E2A209-461F-46F4-AE79-2E052C77E596}.Release|Any CPU.Build.0 = Release|Any CPU
	EndGlobalSection
	GlobalSection(SolutionProperties) = preSolution
		HideSolutionNode = FALSE
	EndGlobalSection
	GlobalSection(ExtensibilityGlobals) = postSolution
		SolutionGuid = {88242DFD-6469-482B-B921-3317E0008B0B}
	EndGlobalSection
EndGlobal
